
Microsoft Visual Studio Solution File, Format Version 12.00
# Visual Studio Version 16
VisualStudioVersion = 16.0.31019.35
MinimumVisualStudioVersion = 10.0.40219.1
Project("{9A19103F-16F7-4668-BE54-9A1E7A4F7556}") = "Haze.Pck", "Haze.Pck\Haze.Pck.csproj", "{ADCC6CCF-FFDE-43F5-8EA4-263A9BBB5260}"
EndProject
Global
	GlobalSection(SolutionConfigurationPlatforms) = preSolution
		Debug|Any CPU = Debug|Any CPU
		Release|Any CPU = Release|Any CPU
	EndGlobalSection
	GlobalSection(ProjectConfigurationPlatforms) = postSolution
		{ADCC6CCF-FFDE-43F5-8EA4-263A9BBB5260}.Debug|Any CPU.ActiveCfg = Debug|Any CPU
		{ADCC6CCF-FFDE-43F5-8EA4-263A9BBB5260}.Debug|Any CPU.Build.0 = Debug|Any CPU
		{ADCC6CCF-FFDE-43F5-8EA4-263A9BBB5260}.Release|Any CPU.ActiveCfg = Release|Any CPU
		{ADCC6CCF-FFDE-43F5-8EA4-263A9BBB5260}.Release|Any CPU.Build.0 = Release|Any CPU
	EndGlobalSection
	GlobalSection(SolutionProperties) = preSolution
		HideSolutionNode = FALSE
	EndGlobalSection
	GlobalSection(ExtensibilityGlobals) = postSolution
		SolutionGuid = {EF37449A-5D4F-40A6-ABB0-DDBD7B614DA4}
	EndGlobalSection
EndGlobal
